
Microsoft Visual Studio Solution File, Format Version 12.00
# Visual Studio Version 16
VisualStudioVersion = 16.0.28803.352
MinimumVisualStudioVersion = 10.0.40219.1
Project("{FAE04EC0-301F-11D3-BF4B-00C04F79EFBC}") = "ChatApp", "ChatApp\ChatApp.csproj", "{59F5646F-5693-452D-970C-F429C0D84A2E}"
EndProject
Project("{FAE04EC0-301F-11D3-BF4B-00C04F79EFBC}") = "Client", "Client\Client.csproj", "{B9403900-44C8-4AD9-AB42-8D276CBC2BDD}"
EndProject
Global
	GlobalSection(SolutionConfigurationPlatforms) = preSolution
		Debug|Any CPU = Debug|Any CPU
		Release|Any CPU = Release|Any CPU
	EndGlobalSection
	GlobalSection(ProjectConfigurationPlatforms) = postSolution
		{59F5646F-5693-452D-970C-F429C0D84A2E}.Debug|Any CPU.ActiveCfg = Debug|Any CPU
		{59F5646F-5693-452D-970C-F429C0D84A2E}.Debug|Any CPU.Build.0 = Debug|Any CPU
		{59F5646F-5693-452D-970C-F429C0D84A2E}.Release|Any CPU.ActiveCfg = Release|Any CPU
		{59F5646F-5693-452D-970C-F429C0D84A2E}.Release|Any CPU.Build.0 = Release|Any CPU
		{B9403900-44C8-4AD9-AB42-8D276CBC2BDD}.Debug|Any CPU.ActiveCfg = Debug|Any CPU
		{B9403900-44C8-4AD9-AB42-8D276CBC2BDD}.Debug|Any CPU.Build.0 = Debug|Any CPU
		{B9403900-44C8-4AD9-AB42-8D276CBC2BDD}.Release|Any CPU.ActiveCfg = Release|Any CPU
		{B9403900-44C8-4AD9-AB42-8D276CBC2BDD}.Release|Any CPU.Build.0 = Release|Any CPU
	EndGlobalSection
	GlobalSection(SolutionProperties) = preSolution
		HideSolutionNode = FALSE
	EndGlobalSection
	GlobalSection(ExtensibilityGlobals) = postSolution
		SolutionGuid = {1D6CDE9F-E566-4D8D-A56E-80948F4C9329}
	EndGlobalSection
EndGlobal
